
Microsoft Visual Studio Solution File, Format Version 12.00
# Visual Studio Version 17
VisualStudioVersion = 17.3.32825.248
MinimumVisualStudioVersion = 10.0.40219.1
Project("{FAE04EC0-301F-11D3-BF4B-00C04F79EFBC}") = "panel", "panel\panel.csproj", "{8C679527-0B68-4C79-ADC4-87BD6E01973A}"
EndProject
Global
	GlobalSection(SolutionConfigurationPlatforms) = preSolution
		Debug|Any CPU = Debug|Any CPU
		Release|Any CPU = Release|Any CPU
	EndGlobalSection
	GlobalSection(ProjectConfigurationPlatforms) = postSolution
		{8C679527-0B68-4C79-ADC4-87BD6E01973A}.Debug|Any CPU.ActiveCfg = Debug|Any CPU
		{8C679527-0B68-4C79-ADC4-87BD6E01973A}.Debug|Any CPU.Build.0 = Debug|Any CPU
		{8C679527-0B68-4C79-ADC4-87BD6E01973A}.Release|Any CPU.ActiveCfg = Release|Any CPU
		{8C679527-0B68-4C79-ADC4-87BD6E01973A}.Release|Any CPU.Build.0 = Release|Any CPU
	EndGlobalSection
	GlobalSection(SolutionProperties) = preSolution
		HideSolutionNode = FALSE
	EndGlobalSection
	GlobalSection(ExtensibilityGlobals) = postSolution
		SolutionGuid = {2C870546-0234-413A-BD09-C30C2BDF1673}
	EndGlobalSection
EndGlobal
